// !$*UTF8*$!
{
	archiveVersion = 1;
	classes = {
	};
	objectVersion = 55;
	objects = {

/* Begin PBXBuildFile section */
		B653AF43284096BF00A2F61A /* AppDelegate.swift in Sources */ = {isa = PBXBuildFile; fileRef = B653AF42284096BF00A2F61A /* AppDelegate.swift */; };
		B653AF45284096BF00A2F61A /* SceneDelegate.swift in Sources */ = {isa = PBXBuildFile; fileRef = B653AF44284096BF00A2F61A /* SceneDelegate.swift */; };
		B653AF47284096BF00A2F61A /* ViewController.swift in Sources */ = {isa = PBXBuildFile; fileRef = B653AF46284096BF00A2F61A /* ViewController.swift */; };
		B653AF4A284096BF00A2F61A /* Main.storyboard in Resources */ = {isa = PBXBuildFile; fileRef = B653AF48284096BF00A2F61A /* Main.storyboard */; };
		B653AF4C284096C100A2F61A /* Assets.xcassets in Resources */ = {isa = PBXBuildFile; fileRef = B653AF4B284096C100A2F61A /* Assets.xcassets */; };
		B653AF4F284096C100A2F61A /* LaunchScreen.storyboard in Resources */ = {isa = PBXBuildFile; fileRef = B653AF4D284096C100A2F61A /* LaunchScreen.storyboard */; };
		B653AF5A2840974400A2F61A /* Fireworks.jpg in Resources */ = {isa = PBXBuildFile; fileRef = B653AF582840974400A2F61A /* Fireworks.jpg */; };
		B653AF842840B5E400A2F61A /* Ocean.jpg in Resources */ = {isa = PBXBuildFile; fileRef = B653AF832840B5E400A2F61A /* Ocean.jpg */; };
		B6C793912849D5DD0086713A /* FastTyping.jpg in Resources */ = {isa = PBXBuildFile; fileRef = B6C793902849D5DD0086713A /* FastTyping.jpg */; };
/* End PBXBuildFile section */

/* Begin PBXFileReference section */
		B653AF3F284096BF00A2F61A /* MoviePlayer.app */ = {isa = PBXFileReference; explicitFileType = wrapper.application; includeInIndex = 0; path = MoviePlayer.app; sourceTree = BUILT_PRODUCTS_DIR; };
		B653AF42284096BF00A2F61A /* AppDelegate.swift */ = {isa = PBXFileReference; lastKnownFileType = sourcecode.swift; path = AppDelegate.swift; sourceTree = "<group>"; };
		B653AF44284096BF00A2F61A /* SceneDelegate.swift */ = {isa = PBXFileReference; lastKnownFileType = sourcecode.swift; path = SceneDelegate.swift; sourceTree = "<group>"; };
		B653AF46284096BF00A2F61A /* ViewController.swift */ = {isa = PBXFileReference; lastKnownFileType = sourcecode.swift; path = ViewController.swift; sourceTree = "<group>"; };
		B653AF49284096BF00A2F61A /* Base */ = {isa = PBXFileReference; lastKnownFileType = file.storyboard; name = Base; path = Base.lproj/Main.storyboard; sourceTree = "<group>"; };
		B653AF4B284096C100A2F61A /* Assets.xcassets */ = {isa = PBXFileReference; lastKnownFileType = folder.assetcatalog; path = Assets.xcassets; sourceTree = "<group>"; };
		B653AF4E284096C100A2F61A /* Base */ = {isa = PBXFileReference; lastKnownFileType = file.storyboard; name = Base; path = Base.lproj/LaunchScreen.storyboard; sourceTree = "<group>"; };
		B653AF50284096C100A2F61A /* Info.plist */ = {isa = PBXFileReference; lastKnownFileType = text.plist.xml; path = Info.plist; sourceTree = "<group>"; };
		B653AF582840974400A2F61A /* Fireworks.jpg */ = {isa = PBXFileReference; lastKnownFileType = image.jpeg; path = Fireworks.jpg; sourceTree = "<group>"; };
		B653AF802840B53C00A2F61A /* Ocean.mp4 */ = {isa = PBXFileReference; lastKnownFileType = file; path = Ocean.mp4; sourceTree = "<group>"; };
		B653AF832840B5E400A2F61A /* Ocean.jpg */ = {isa = PBXFileReference; lastKnownFileType = image.jpeg; name = Ocean.jpg; path = ../../../../../Desktop/Ocean.jpg; sourceTree = "<group>"; };
		B6C7938F2849D5D20086713A /* FastTyping.mp4 */ = {isa = PBXFileReference; lastKnownFileType = file; name = FastTyping.mp4; path = ../FastTyping.mp4; sourceTree = "<group>"; };
		B6C793902849D5DD0086713A /* FastTyping.jpg */ = {isa = PBXFileReference; lastKnownFileType = image.jpeg; name = FastTyping.jpg; path = ../FastTyping.jpg; sourceTree = "<group>"; };
/* End PBXFileReference section */

/* Begin PBXFrameworksBuildPhase section */
		B653AF3C284096BF00A2F61A /* Frameworks */ = {
			isa = PBXFrameworksBuildPhase;
			buildActionMask = 2147483647;
			files = (
			);
			runOnlyForDeploymentPostprocessing = 0;
		};
/* End PBXFrameworksBuildPhase section */

/* Begin PBXGroup section */
		B653AF36284096BF00A2F61A = {
			isa = PBXGroup;
			children = (
				B653AF41284096BF00A2F61A /* MoviePlayer */,
				B653AF40284096BF00A2F61A /* Products */,
			);
			sourceTree = "<group>";
		};
		B653AF40284096BF00A2F61A /* Products */ = {
			isa = PBXGroup;
			children = (
				B653AF3F284096BF00A2F61A /* MoviePlayer.app */,
			);
			name = Products;
			sourceTree = "<group>";
		};
		B653AF41284096BF00A2F61A /* MoviePlayer */ = {
			isa = PBXGroup;
			children = (
				B653AF562840970400A2F61A /* Resources */,
				B653AF42284096BF00A2F61A /* AppDelegate.swift */,
				B653AF44284096BF00A2F61A /* SceneDelegate.swift */,
				B653AF46284096BF00A2F61A /* ViewController.swift */,
				B653AF48284096BF00A2F61A /* Main.storyboard */,
				B653AF4B284096C100A2F61A /* Assets.xcassets */,
				B653AF4D284096C100A2F61A /* LaunchScreen.storyboard */,
				B653AF50284096C100A2F61A /* Info.plist */,
			);
			path = MoviePlayer;
			sourceTree = "<group>";
		};
		B653AF562840970400A2F61A /* Resources */ = {
			isa = PBXGroup;
			children = (
				B6C793902849D5DD0086713A /* FastTyping.jpg */,
				B6C7938F2849D5D20086713A /* FastTyping.mp4 */,
				B653AF582840974400A2F61A /* Fireworks.jpg */,
				B653AF832840B5E400A2F61A /* Ocean.jpg */,
				B653AF802840B53C00A2F61A /* Ocean.mp4 */,
			);
			path = Resources;
			sourceTree = "<group>";
		};
/* End PBXGroup section */

/* Begin PBXNativeTarget section */
		B653AF3E284096BF00A2F61A /* MoviePlayer */ = {
			isa = PBXNativeTarget;
			buildConfigurationList = B653AF53284096C100A2F61A /* Build configuration list for PBXNativeTarget "MoviePlayer" */;
			buildPhases = (
				B653AF3B284096BF00A2F61A /* Sources */,
				B653AF3C284096BF00A2F61A /* Frameworks */,
				B653AF3D284096BF00A2F61A /* Resources */,
			);
			buildRules = (
			);
			dependencies = (
			);
			name = MoviePlayer;
			productName = MoviePlayer;
			productReference = B653AF3F284096BF00A2F61A /* MoviePlayer.app */;
			productType = "com.apple.product-type.application";
		};
/* End PBXNativeTarget section */

/* Begin PBXProject section */
		B653AF37284096BF00A2F61A /* Project object */ = {
			isa = PBXProject;
			attributes = {
				BuildIndependentTargetsInParallel = 1;
				LastSwiftUpdateCheck = 1320;
				LastUpgradeCheck = 1320;
				TargetAttributes = {
					B653AF3E284096BF00A2F61A = {
						CreatedOnToolsVersion = 13.2.1;
					};
				};
			};
			buildConfigurationList = B653AF3A284096BF00A2F61A /* Build configuration list for PBXProject "MoviePlayer" */;
			compatibilityVersion = "Xcode 13.0";
			developmentRegion = en;
			hasScannedForEncodings = 0;
			knownRegions = (
				en,
				Base,
			);
			mainGroup = B653AF36284096BF00A2F61A;
			productRefGroup = B653AF40284096BF00A2F61A /* Products */;
			projectDirPath = "";
			projectRoot = "";
			targets = (
				B653AF3E284096BF00A2F61A /* MoviePlayer */,
			);
		};
/* End PBXProject section */

/* Begin PBXResourcesBuildPhase section */
		B653AF3D284096BF00A2F61A /* Resources */ = {
			isa = PBXResourcesBuildPhase;
			buildActionMask = 2147483647;
			files = (
				B653AF5A2840974400A2F61A /* Fireworks.jpg in Resources */,
				B653AF4F284096C100A2F61A /* LaunchScreen.storyboard in Resources */,
				B6C793912849D5DD0086713A /* FastTyping.jpg in Resources */,
				B653AF4C284096C100A2F61A /* Assets.xcassets in Resources */,
				B653AF4A284096BF00A2F61A /* Main.storyboard in Resources */,
				B653AF842840B5E400A2F61A /* Ocean.jpg in Resources */,
			);
			runOnlyForDeploymentPostprocessing = 0;
		};
/* End PBXResourcesBuildPhase section */

/* Begin PBXSourcesBuildPhase section */
		B653AF3B284096BF00A2F61A /* Sources */ = {
			isa = PBXSourcesBuildPhase;
			buildActionMask = 2147483647;
			files = (
				B653AF47284096BF00A2F61A /* ViewController.swift in Sources */,
				B653AF43284096BF00A2F61A /* AppDelegate.swift in Sources */,
				B653AF45284096BF00A2F61A /* SceneDelegate.swift in Sources */,
			);
			runOnlyForDeploymentPostprocessing = 0;
		};
/* End PBXSourcesBuildPhase section */

/* Begin PBXVariantGroup section */
		B653AF48284096BF00A2F61A /* Main.storyboard */ = {
			isa = PBXVariantGroup;
			children = (
				B653AF49284096BF00A2F61A /* Base */,
			);
			name = Main.storyboard;
			sourceTree = "<group>";
		};
		B653AF4D284096C100A2F61A /* LaunchScreen.storyboard */ = {
			isa = PBXVariantGroup;
			children = (
				B653AF4E284096C100A2F61A /* Base */,
			);
			name = LaunchScreen.storyboard;
			sourceTree = "<group>";
		};
/* End PBXVariantGroup section */

/* Begin XCBuildConfiguration section */
		B653AF51284096C100A2F61A /* Debug */ = {
			isa = XCBuildConfiguration;
			buildSettings = {
				ALWAYS_SEARCH_USER_PATHS = NO;
				CLANG_ANALYZER_NONNULL = YES;
				CLANG_ANALYZER_NUMBER_OBJECT_CONVERSION = YES_AGGRESSIVE;
				CLANG_CXX_LANGUAGE_STANDARD = "gnu++17";
				CLANG_CXX_LIBRARY = "libc++";
				CLANG_ENABLE_MODULES = YES;
				CLANG_ENABLE_OBJC_ARC = YES;
				CLANG_ENABLE_OBJC_WEAK = YES;
				CLANG_WARN_BLOCK_CAPTURE_AUTORELEASING = YES;
				CLANG_WARN_BOOL_CONVERSION = YES;
				CLANG_WARN_COMMA = YES;
				CLANG_WARN_CONSTANT_CONVERSION = YES;
				CLANG_WARN_DEPRECATED_OBJC_IMPLEMENTATIONS = YES;
				CLANG_WARN_DIRECT_OBJC_ISA_USAGE = YES_ERROR;
				CLANG_WARN_DOCUMENTATION_COMMENTS = YES;
				CLANG_WARN_EMPTY_BODY = YES;
				CLANG_WARN_ENUM_CONVERSION = YES;
				CLANG_WARN_INFINITE_RECURSION = YES;
				CLANG_WARN_INT_CONVERSION = YES;
				CLANG_WARN_NON_LITERAL_NULL_CONVERSION = YES;
				CLANG_WARN_OBJC_IMPLICIT_RETAIN_SELF = YES;
				CLANG_WARN_OBJC_LITERAL_CONVERSION = YES;
				CLANG_WARN_OBJC_ROOT_CLASS = YES_ERROR;
				CLANG_WARN_QUOTED_INCLUDE_IN_FRAMEWORK_HEADER = YES;
				CLANG_WARN_RANGE_LOOP_ANALYSIS = YES;
				CLANG_WARN_STRICT_PROTOTYPES = YES;
				CLANG_WARN_SUSPICIOUS_MOVE = YES;
				CLANG_WARN_UNGUARDED_AVAILABILITY = YES_AGGRESSIVE;
				CLANG_WARN_UNREACHABLE_CODE = YES;
				CLANG_WARN__DUPLICATE_METHOD_MATCH = YES;
				COPY_PHASE_STRIP = NO;
				DEBUG_INFORMATION_FORMAT = dwarf;
				ENABLE_STRICT_OBJC_MSGSEND = YES;
				ENABLE_TESTABILITY = YES;
				GCC_C_LANGUAGE_STANDARD = gnu11;
				GCC_DYNAMIC_NO_PIC = NO;
				GCC_NO_COMMON_BLOCKS = YES;
				GCC_OPTIMIZATION_LEVEL = 0;
				GCC_PREPROCESSOR_DEFINITIONS = (
					"DEBUG=1",
					"$(inherited)",
				);
				GCC_WARN_64_TO_32_BIT_CONVERSION = YES;
				GCC_WARN_ABOUT_RETURN_TYPE = YES_ERROR;
				GCC_WARN_UNDECLARED_SELECTOR = YES;
				GCC_WARN_UNINITIALIZED_AUTOS = YES_AGGRESSIVE;
				GCC_WARN_UNUSED_FUNCTION = YES;
				GCC_WARN_UNUSED_VARIABLE = YES;
				IPHONEOS_DEPLOYMENT_TARGET = 15.2;
				MTL_ENABLE_DEBUG_INFO = INCLUDE_SOURCE;
				MTL_FAST_MATH = YES;
				ONLY_ACTIVE_ARCH = YES;
				SDKROOT = iphoneos;
				SWIFT_ACTIVE_COMPILATION_CONDITIONS = DEBUG;
				SWIFT_OPTIMIZATION_LEVEL = "-Onone";
			};
			name = Debug;
		};
		B653AF52284096C100A2F61A /* Release */ = {
			isa = XCBuildConfiguration;
			buildSettings = {
				ALWAYS_SEARCH_USER_PATHS = NO;
				CLANG_ANALYZER_NONNULL = YES;
				CLANG_ANALYZER_NUMBER_OBJECT_CONVERSION = YES_AGGRESSIVE;
				CLANG_CXX_LANGUAGE_STANDARD = "gnu++17";
				CLANG_CXX_LIBRARY = "libc++";
				CLANG_ENABLE_MODULES = YES;
				CLANG_ENABLE_OBJC_ARC = YES;
				CLANG_ENABLE_OBJC_WEAK = YES;
				CLANG_WARN_BLOCK_CAPTURE_AUTORELEASING = YES;
				CLANG_WARN_BOOL_CONVERSION = YES;
				CLANG_WARN_COMMA = YES;
				CLANG_WARN_CONSTANT_CONVERSION = YES;
				CLANG_WARN_DEPRECATED_OBJC_IMPLEMENTATIONS = YES;
				CLANG_WARN_DIRECT_OBJC_ISA_USAGE = YES_ERROR;
				CLANG_WARN_DOCUMENTATION_COMMENTS = YES;
				CLANG_WARN_EMPTY_BODY = YES;
				CLANG_WARN_ENUM_CONVERSION = YES;
				CLANG_WARN_INFINITE_RECURSION = YES;
				CLANG_WARN_INT_CONVERSION = YES;
				CLANG_WARN_NON_LITERAL_NULL_CONVERSION = YES;
				CLANG_WARN_OBJC_IMPLICIT_RETAIN_SELF = YES;
				CLANG_WARN_OBJC_LITERAL_CONVERSION = YES;
				CLANG_WARN_OBJC_ROOT_CLASS = YES_ERROR;
				CLANG_WARN_QUOTED_INCLUDE_IN_FRAMEWORK_HEADER = YES;
				CLANG_WARN_RANGE_LOOP_ANALYSIS = YES;
				CLANG_WARN_STRICT_PROTOTYPES = YES;
				CLANG_WARN_SUSPICIOUS_MOVE = YES;
				CLANG_WARN_UNGUARDED_AVAILABILITY = YES_AGGRESSIVE;
				CLANG_WARN_UNREACHABLE_CODE = YES;
				CLANG_WARN__DUPLICATE_METHOD_MATCH = YES;
				COPY_PHASE_STRIP = NO;
				DEBUG_INFORMATION_FORMAT = "dwarf-with-dsym";
				ENABLE_NS_ASSERTIONS = NO;
				ENABLE_STRICT_OBJC_MSGSEND = YES;
				GCC_C_LANGUAGE_STANDARD = gnu11;
				GCC_NO_COMMON_BLOCKS = YES;
				GCC_WARN_64_TO_32_BIT_CONVERSION = YES;
				GCC_WARN_ABOUT_RETURN_TYPE = YES_ERROR;
				GCC_WARN_UNDECLARED_SELECTOR = YES;
				GCC_WARN_UNINITIALIZED_AUTOS = YES_AGGRESSIVE;
				GCC_WARN_UNUSED_FUNCTION = YES;
				GCC_WARN_UNUSED_VARIABLE = YES;
				IPHONEOS_DEPLOYMENT_TARGET = 15.2;
				MTL_ENABLE_DEBUG_INFO = NO;
				MTL_FAST_MATH = YES;
				SDKROOT = iphoneos;
				SWIFT_COMPILATION_MODE = wholemodule;
				SWIFT_OPTIMIZATION_LEVEL = "-O";
				VALIDATE_PRODUCT = YES;
			};
			name = Release;
		};
		B653AF54284096C100A2F61A /* Debug */ = {
			isa = XCBuildConfiguration;
			buildSettings = {
				ASSETCATALOG_COMPILER_APPICON_NAME = AppIcon;
				ASSETCATALOG_COMPILER_GLOBAL_ACCENT_COLOR_NAME = AccentColor;
				CODE_SIGN_STYLE = Automatic;
				CURRENT_PROJECT_VERSION = 1;
				GENERATE_INFOPLIST_FILE = YES;
				INFOPLIST_FILE = MoviePlayer/Info.plist;
				INFOPLIST_KEY_UIApplicationSupportsIndirectInputEvents = YES;
				INFOPLIST_KEY_UILaunchStoryboardName = LaunchScreen;
				INFOPLIST_KEY_UIMainStoryboardFile = Main;
				INFOPLIST_KEY_UISupportedInterfaceOrientations_iPad = "UIInterfaceOrientationPortrait UIInterfaceOrientationPortraitUpsideDown UIInterfaceOrientationLandscapeLeft UIInterfaceOrientationLandscapeRight";
				INFOPLIST_KEY_UISupportedInterfaceOrientations_iPhone = "UIInterfaceOrientationPortrait UIInterfaceOrientationLandscapeLeft UIInterfaceOrientationLandscapeRight";
				LD_RUNPATH_SEARCH_PATHS = (
					"$(inherited)",
					"@executable_path/Frameworks",
				);
				MARKETING_VERSION = 1.0;
				PRODUCT_BUNDLE_IDENTIFIER = kr.ac.induk.www.MoviePlayer;
				PRODUCT_NAME = "$(TARGET_NAME)";
				SWIFT_EMIT_LOC_STRINGS = YES;
				SWIFT_VERSION = 5.0;
				TARGETED_DEVICE_FAMILY = "1,2";
			};
			name = Debug;
		};
		B653AF55284096C100A2F61A /* Release */ = {
			isa = XCBuildConfiguration;
			buildSettings = {
				ASSETCATALOG_COMPILER_APPICON_NAME = AppIcon;
				ASSETCATALOG_COMPILER_GLOBAL_ACCENT_COLOR_NAME = AccentColor;
				CODE_SIGN_STYLE = Automatic;
				CURRENT_PROJECT_VERSION = 1;
				GENERATE_INFOPLIST_FILE = YES;
				INFOPLIST_FILE = MoviePlayer/Info.plist;
				INFOPLIST_KEY_UIApplicationSupportsIndirectInputEvents = YES;
				INFOPLIST_KEY_UILaunchStoryboardName = LaunchScreen;
				INFOPLIST_KEY_UIMainStoryboardFile = Main;
				INFOPLIST_KEY_UISupportedInterfaceOrientations_iPad = "UIInterfaceOrientationPortrait UIInterfaceOrientationPortraitUpsideDown UIInterfaceOrientationLandscapeLeft UIInterfaceOrientationLandscapeRight";
				INFOPLIST_KEY_UISupportedInterfaceOrientations_iPhone = "UIInterfaceOrientationPortrait UIInterfaceOrientationLandscapeLeft UIInterfaceOrientationLandscapeRight";
				LD_RUNPATH_SEARCH_PATHS = (
					"$(inherited)",
					"@executable_path/Frameworks",
				);
				MARKETING_VERSION = 1.0;
				PRODUCT_BUNDLE_IDENTIFIER = kr.ac.induk.www.MoviePlayer;
				PRODUCT_NAME = "$(TARGET_NAME)";
				SWIFT_EMIT_LOC_STRINGS = YES;
				SWIFT_VERSION = 5.0;
				TARGETED_DEVICE_FAMILY = "1,2";
			};
			name = Release;
		};
/* End XCBuildConfiguration section */

/* Begin XCConfigurationList section */
		B653AF3A284096BF00A2F61A /* Build configuration list for PBXProject "MoviePlayer" */ = {
			isa = XCConfigurationList;
			buildConfigurations = (
				B653AF51284096C100A2F61A /* Debug */,
				B653AF52284096C100A2F61A /* Release */,
			);
			defaultConfigurationIsVisible = 0;
			defaultConfigurationName = Release;
		};
		B653AF53284096C100A2F61A /* Build configuration list for PBXNativeTarget "MoviePlayer" */ = {
			isa = XCConfigurationList;
			buildConfigurations = (
				B653AF54284096C100A2F61A /* Debug */,
				B653AF55284096C100A2F61A /* Release */,
			);
			defaultConfigurationIsVisible = 0;
			defaultConfigurationName = Release;
		};
/* End XCConfigurationList section */
	};
	rootObject = B653AF37284096BF00A2F61A /* Project object */;
}
